Microsoft Visual Studio Solution File, Format Version 12.00
# Visual Studio Version 16
VisualStudioVersion = 16.0.30717.126
MinimumVisualStudioVersion = 10.0.40219.1
Project("{FAE04EC0-301F-11D3-BF4B-00C04F79EFBC}") = "COVID_19", "COVID_19.csproj", "{D95F226E-2362-44D4-9790-3C186C2246EB}"
EndProject
Global
	GlobalSection(SolutionConfigurationPlatforms) = preSolution
		Debug|Any CPU = Debug|Any CPU
		Release|Any CPU = Release|Any CPU
	EndGlobalSection
	GlobalSection(ProjectConfigurationPlatforms) = postSolution
		{D95F226E-2362-44D4-9790-3C186C2246EB}.Debug|Any CPU.ActiveCfg = Debug|Any CPU
		{D95F226E-2362-44D4-9790-3C186C2246EB}.Debug|Any CPU.Build.0 = Debug|Any CPU
		{D95F226E-2362-44D4-9790-3C186C2246EB}.Release|Any CPU.ActiveCfg = Release|Any CPU
		{D95F226E-2362-44D4-9790-3C186C2246EB}.Release|Any CPU.Build.0 = Release|Any CPU
	EndGlobalSection
	GlobalSection(SolutionProperties) = preSolution
		HideSolutionNode = FALSE
	EndGlobalSection
	GlobalSection(ExtensibilityGlobals) = postSolution
		SolutionGuid = {20F82984-7CB9-45BB-932D-F4249FFEFBDB}
	EndGlobalSection
EndGlobal
